
Microsoft Visual Studio Solution File, Format Version 12.00
# Visual Studio Version 17
VisualStudioVersion = 17.12.35506.116
MinimumVisualStudioVersion = 10.0.40219.1
Project("{FAE04EC0-301F-11D3-BF4B-00C04F79EFBC}") = "Ex_0", "Courses\Ex_0.csproj", "{D5B08DCB-F42F-4B13-BC5D-D8DBF6C484C2}"
EndProject
Project("{FAE04EC0-301F-11D3-BF4B-00C04F79EFBC}") = "Ex_1", "Ex_1\Ex_1.csproj", "{86D65E6D-F3C2-4C07-963E-D06AE8582904}"
EndProject
Project("{FAE04EC0-301F-11D3-BF4B-00C04F79EFBC}") = "Ex_2", "Ex_2\Ex_2.csproj", "{B3BDC18C-8BE6-4D97-BA81-F9E8E7BF52DD}"
EndProject
Project("{FAE04EC0-301F-11D3-BF4B-00C04F79EFBC}") = "Ex_3", "Ex_3\Ex_3.csproj", "{D414631F-D6CC-4145-813D-80C33F51290C}"
EndProject
Project("{FAE04EC0-301F-11D3-BF4B-00C04F79EFBC}") = "Ex_4", "Ex_4\Ex_4.csproj", "{D89E0A8B-C51D-4216-A15D-8EC8AEF567E6}"
EndProject
Project("{FAE04EC0-301F-11D3-BF4B-00C04F79EFBC}") = "Ex_5", "Ex_5\Ex_5.csproj", "{45749759-EA28-4873-9656-C8B8C6B67CE6}"
EndProject
Project("{FAE04EC0-301F-11D3-BF4B-00C04F79EFBC}") = "Ex_6", "Ex_6\Ex_6.csproj", "{43CD1B56-A4E0-4964-8944-A99CD993341B}"
EndProject
Project("{FAE04EC0-301F-11D3-BF4B-00C04F79EFBC}") = "Ex_7", "Ex_7\Ex_7.csproj", "{F5F3B958-C3E4-407B-B662-5B27ACED0953}"
EndProject
Project("{FAE04EC0-301F-11D3-BF4B-00C04F79EFBC}") = "Ex_8", "Ex_8\Ex_8.csproj", "{87D9E2D2-63DD-4593-85C7-528A2F46F213}"
EndProject
Project("{FAE04EC0-301F-11D3-BF4B-00C04F79EFBC}") = "Ex_9", "Ex_9\Ex_9.csproj", "{414A3D45-47D9-435E-B278-16B8CCCC8366}"
EndProject
Project("{FAE04EC0-301F-11D3-BF4B-00C04F79EFBC}") = "Ex_10", "Ex_10\Ex_10.csproj", "{33B731B0-4F5D-481E-9B9F-7858D9FB3D83}"
EndProject
Project("{FAE04EC0-301F-11D3-BF4B-00C04F79EFBC}") = "Ex_11", "Ex_11\Ex_11.csproj", "{AF2A7DF9-21D3-42D9-927E-FA52F414C74A}"
EndProject
Project("{FAE04EC0-301F-11D3-BF4B-00C04F79EFBC}") = "Ex_12", "Ex_12\Ex_12.csproj", "{CE87061B-4D8D-4C3C-ABC5-977783959C5E}"
EndProject
Project("{FAE04EC0-301F-11D3-BF4B-00C04F79EFBC}") = "Ex_13", "Ex_13\Ex_13.csproj", "{69679468-0A92-46F5-8ACA-1F61D99C4389}"
EndProject
Project("{FAE04EC0-301F-11D3-BF4B-00C04F79EFBC}") = "Ex_14", "Ex_14\Ex_14.csproj", "{44EEFA48-BBD2-4203-AC4F-5C06490F3992}"
EndProject
Project("{FAE04EC0-301F-11D3-BF4B-00C04F79EFBC}") = "Ex_15", "Ex_15\Ex_15.csproj", "{FE1C2D06-9341-422F-A83B-78B01314188A}"
EndProject
Global
	GlobalSection(SolutionConfigurationPlatforms) = preSolution
		Debug|Any CPU = Debug|Any CPU
		Release|Any CPU = Release|Any CPU
	EndGlobalSection
	GlobalSection(ProjectConfigurationPlatforms) = postSolution
		{D5B08DCB-F42F-4B13-BC5D-D8DBF6C484C2}.Debug|Any CPU.ActiveCfg = Debug|Any CPU
		{D5B08DCB-F42F-4B13-BC5D-D8DBF6C484C2}.Debug|Any CPU.Build.0 = Debug|Any CPU
		{D5B08DCB-F42F-4B13-BC5D-D8DBF6C484C2}.Release|Any CPU.ActiveCfg = Release|Any CPU
		{D5B08DCB-F42F-4B13-BC5D-D8DBF6C484C2}.Release|Any CPU.Build.0 = Release|Any CPU
		{86D65E6D-F3C2-4C07-963E-D06AE8582904}.Debug|Any CPU.ActiveCfg = Debug|Any CPU
		{86D65E6D-F3C2-4C07-963E-D06AE8582904}.Debug|Any CPU.Build.0 = Debug|Any CPU
		{86D65E6D-F3C2-4C07-963E-D06AE8582904}.Release|Any CPU.ActiveCfg = Release|Any CPU
		{86D65E6D-F3C2-4C07-963E-D06AE8582904}.Release|Any CPU.Build.0 = Release|Any CPU
		{B3BDC18C-8BE6-4D97-BA81-F9E8E7BF52DD}.Debug|Any CPU.ActiveCfg = Debug|Any CPU
		{B3BDC18C-8BE6-4D97-BA81-F9E8E7BF52DD}.Debug|Any CPU.Build.0 = Debug|Any CPU
		{B3BDC18C-8BE6-4D97-BA81-F9E8E7BF52DD}.Release|Any CPU.ActiveCfg = Release|Any CPU
		{B3BDC18C-8BE6-4D97-BA81-F9E8E7BF52DD}.Release|Any CPU.Build.0 = Release|Any CPU
		{D414631F-D6CC-4145-813D-80C33F51290C}.Debug|Any CPU.ActiveCfg = Debug|Any CPU
		{D414631F-D6CC-4145-813D-80C33F51290C}.Debug|Any CPU.Build.0 = Debug|Any CPU
		{D414631F-D6CC-4145-813D-80C33F51290C}.Release|Any CPU.ActiveCfg = Release|Any CPU
		{D414631F-D6CC-4145-813D-80C33F51290C}.Release|Any CPU.Build.0 = Release|Any CPU
		{D89E0A8B-C51D-4216-A15D-8EC8AEF567E6}.Debug|Any CPU.ActiveCfg = Debug|Any CPU
		{D89E0A8B-C51D-4216-A15D-8EC8AEF567E6}.Debug|Any CPU.Build.0 = Debug|Any CPU
		{D89E0A8B-C51D-4216-A15D-8EC8AEF567E6}.Release|Any CPU.ActiveCfg = Release|Any CPU
		{D89E0A8B-C51D-4216-A15D-8EC8AEF567E6}.Release|Any CPU.Build.0 = Release|Any CPU
		{45749759-EA28-4873-9656-C8B8C6B67CE6}.Debug|Any CPU.ActiveCfg = Debug|Any CPU
		{45749759-EA28-4873-9656-C8B8C6B67CE6}.Debug|Any CPU.Build.0 = Debug|Any CPU
		{45749759-EA28-4873-9656-C8B8C6B67CE6}.Release|Any CPU.ActiveCfg = Release|Any CPU
		{45749759-EA28-4873-9656-C8B8C6B67CE6}.Release|Any CPU.Build.0 = Release|Any CPU
		{43CD1B56-A4E0-4964-8944-A99CD993341B}.Debug|Any CPU.ActiveCfg = Debug|Any CPU
		{43CD1B56-A4E0-4964-8944-A99CD993341B}.Debug|Any CPU.Build.0 = Debug|Any CPU
		{43CD1B56-A4E0-4964-8944-A99CD993341B}.Release|Any CPU.ActiveCfg = Release|Any CPU
		{43CD1B56-A4E0-4964-8944-A99CD993341B}.Release|Any CPU.Build.0 = Release|Any CPU
		{F5F3B958-C3E4-407B-B662-5B27ACED0953}.Debug|Any CPU.ActiveCfg = Debug|Any CPU
		{F5F3B958-C3E4-407B-B662-5B27ACED0953}.Debug|Any CPU.Build.0 = Debug|Any CPU
		{F5F3B958-C3E4-407B-B662-5B27ACED0953}.Release|Any CPU.ActiveCfg = Release|Any CPU
		{F5F3B958-C3E4-407B-B662-5B27ACED0953}.Release|Any CPU.Build.0 = Release|Any CPU
		{87D9E2D2-63DD-4593-85C7-528A2F46F213}.Debug|Any CPU.ActiveCfg = Debug|Any CPU
		{87D9E2D2-63DD-4593-85C7-528A2F46F213}.Debug|Any CPU.Build.0 = Debug|Any CPU
		{87D9E2D2-63DD-4593-85C7-528A2F46F213}.Release|Any CPU.ActiveCfg = Release|Any CPU
		{87D9E2D2-63DD-4593-85C7-528A2F46F213}.Release|Any CPU.Build.0 = Release|Any CPU
		{414A3D45-47D9-435E-B278-16B8CCCC8366}.Debug|Any CPU.ActiveCfg = Debug|Any CPU
		{414A3D45-47D9-435E-B278-16B8CCCC8366}.Debug|Any CPU.Build.0 = Debug|Any CPU
		{414A3D45-47D9-435E-B278-16B8CCCC8366}.Release|Any CPU.ActiveCfg = Release|Any CPU
		{414A3D45-47D9-435E-B278-16B8CCCC8366}.Release|Any CPU.Build.0 = Release|Any CPU
		{33B731B0-4F5D-481E-9B9F-7858D9FB3D83}.Debug|Any CPU.ActiveCfg = Debug|Any CPU
		{33B731B0-4F5D-481E-9B9F-7858D9FB3D83}.Debug|Any CPU.Build.0 = Debug|Any CPU
		{33B731B0-4F5D-481E-9B9F-7858D9FB3D83}.Release|Any CPU.ActiveCfg = Release|Any CPU
		{33B731B0-4F5D-481E-9B9F-7858D9FB3D83}.Release|Any CPU.Build.0 = Release|Any CPU
		{AF2A7DF9-21D3-42D9-927E-FA52F414C74A}.Debug|Any CPU.ActiveCfg = Debug|Any CPU
		{AF2A7DF9-21D3-42D9-927E-FA52F414C74A}.Debug|Any CPU.Build.0 = Debug|Any CPU
		{AF2A7DF9-21D3-42D9-927E-FA52F414C74A}.Release|Any CPU.ActiveCfg = Release|Any CPU
		{AF2A7DF9-21D3-42D9-927E-FA52F414C74A}.Release|Any CPU.Build.0 = Release|Any CPU
		{CE87061B-4D8D-4C3C-ABC5-977783959C5E}.Debug|Any CPU.ActiveCfg = Debug|Any CPU
		{CE87061B-4D8D-4C3C-ABC5-977783959C5E}.Debug|Any CPU.Build.0 = Debug|Any CPU
		{CE87061B-4D8D-4C3C-ABC5-977783959C5E}.Release|Any CPU.ActiveCfg = Release|Any CPU
		{CE87061B-4D8D-4C3C-ABC5-977783959C5E}.Release|Any CPU.Build.0 = Release|Any CPU
		{69679468-0A92-46F5-8ACA-1F61D99C4389}.Debug|Any CPU.ActiveCfg = Debug|Any CPU
		{69679468-0A92-46F5-8ACA-1F61D99C4389}.Debug|Any CPU.Build.0 = Debug|Any CPU
		{69679468-0A92-46F5-8ACA-1F61D99C4389}.Release|Any CPU.ActiveCfg = Release|Any CPU
		{69679468-0A92-46F5-8ACA-1F61D99C4389}.Release|Any CPU.Build.0 = Release|Any CPU
		{44EEFA48-BBD2-4203-AC4F-5C06490F3992}.Debug|Any CPU.ActiveCfg = Debug|Any CPU
		{44EEFA48-BBD2-4203-AC4F-5C06490F3992}.Debug|Any CPU.Build.0 = Debug|Any CPU
		{44EEFA48-BBD2-4203-AC4F-5C06490F3992}.Release|Any CPU.ActiveCfg = Release|Any CPU
		{44EEFA48-BBD2-4203-AC4F-5C06490F3992}.Release|Any CPU.Build.0 = Release|Any CPU
		{FE1C2D06-9341-422F-A83B-78B01314188A}.Debug|Any CPU.ActiveCfg = Debug|Any CPU
		{FE1C2D06-9341-422F-A83B-78B01314188A}.Debug|Any CPU.Build.0 = Debug|Any CPU
		{FE1C2D06-9341-422F-A83B-78B01314188A}.Release|Any CPU.ActiveCfg = Release|Any CPU
		{FE1C2D06-9341-422F-A83B-78B01314188A}.Release|Any CPU.Build.0 = Release|Any CPU
	EndGlobalSection
	GlobalSection(SolutionProperties) = preSolution
		HideSolutionNode = FALSE
	EndGlobalSection
EndGlobal
